
Microsoft Visual Studio Solution File, Format Version 12.00
# Visual Studio Version 17
VisualStudioVersion = 17.4.33205.214
MinimumVisualStudioVersion = 10.0.40219.1
Project("{FAE04EC0-301F-11D3-BF4B-00C04F79EFBC}") = "crawler", "crawler\crawler.csproj", "{42FDE7FA-5D31-4AF0-AAA3-53C8AA829B86}"
EndProject
Global
	GlobalSection(SolutionConfigurationPlatforms) = preSolution
		Debug|Any CPU = Debug|Any CPU
		Release|Any CPU = Release|Any CPU
	EndGlobalSection
	GlobalSection(ProjectConfigurationPlatforms) = postSolution
		{42FDE7FA-5D31-4AF0-AAA3-53C8AA829B86}.Debug|Any CPU.ActiveCfg = Debug|Any CPU
		{42FDE7FA-5D31-4AF0-AAA3-53C8AA829B86}.Debug|Any CPU.Build.0 = Debug|Any CPU
		{42FDE7FA-5D31-4AF0-AAA3-53C8AA829B86}.Release|Any CPU.ActiveCfg = Release|Any CPU
		{42FDE7FA-5D31-4AF0-AAA3-53C8AA829B86}.Release|Any CPU.Build.0 = Release|Any CPU
	EndGlobalSection
	GlobalSection(SolutionProperties) = preSolution
		HideSolutionNode = FALSE
	EndGlobalSection
	GlobalSection(ExtensibilityGlobals) = postSolution
		SolutionGuid = {E26E2330-FE5D-403F-8480-CA33ADE4A44D}
	EndGlobalSection
EndGlobal
